
Microsoft Visual Studio Solution File, Format Version 12.00
# Visual Studio Version 16
VisualStudioVersion = 16.0.29728.190
MinimumVisualStudioVersion = 10.0.40219.1
Project("{FAE04EC0-301F-11D3-BF4B-00C04F79EFBC}") = "ComputerConfigurator.BL", "ComputerConfigurator.BL\ComputerConfigurator.BL.csproj", "{DEAEB296-E7AA-4B98-9C9F-FB134C8BCAA9}"
EndProject
Project("{FAE04EC0-301F-11D3-BF4B-00C04F79EFBC}") = "ComputerConfigurator.CMD", "ComputerConfigurator.CMD\ComputerConfigurator.CMD.csproj", "{823C490E-F7C7-4B01-85A2-83654EC81E4D}"
EndProject
Project("{FAE04EC0-301F-11D3-BF4B-00C04F79EFBC}") = "ComputerConfigurator.WF", "ComputerConfigurator.WF\ComputerConfigurator.WF.csproj", "{0F8BB282-C83D-461D-A4BD-C181908E0F7E}"
EndProject
Global
	GlobalSection(SolutionConfigurationPlatforms) = preSolution
		Debug|Any CPU = Debug|Any CPU
		Release|Any CPU = Release|Any CPU
	EndGlobalSection
	GlobalSection(ProjectConfigurationPlatforms) = postSolution
		{DEAEB296-E7AA-4B98-9C9F-FB134C8BCAA9}.Debug|Any CPU.ActiveCfg = Debug|Any CPU
		{DEAEB296-E7AA-4B98-9C9F-FB134C8BCAA9}.Debug|Any CPU.Build.0 = Debug|Any CPU
		{DEAEB296-E7AA-4B98-9C9F-FB134C8BCAA9}.Release|Any CPU.ActiveCfg = Release|Any CPU
		{DEAEB296-E7AA-4B98-9C9F-FB134C8BCAA9}.Release|Any CPU.Build.0 = Release|Any CPU
		{823C490E-F7C7-4B01-85A2-83654EC81E4D}.Debug|Any CPU.ActiveCfg = Debug|Any CPU
		{823C490E-F7C7-4B01-85A2-83654EC81E4D}.Debug|Any CPU.Build.0 = Debug|Any CPU
		{823C490E-F7C7-4B01-85A2-83654EC81E4D}.Release|Any CPU.ActiveCfg = Release|Any CPU
		{823C490E-F7C7-4B01-85A2-83654EC81E4D}.Release|Any CPU.Build.0 = Release|Any CPU
		{0F8BB282-C83D-461D-A4BD-C181908E0F7E}.Debug|Any CPU.ActiveCfg = Debug|Any CPU
		{0F8BB282-C83D-461D-A4BD-C181908E0F7E}.Debug|Any CPU.Build.0 = Debug|Any CPU
		{0F8BB282-C83D-461D-A4BD-C181908E0F7E}.Release|Any CPU.ActiveCfg = Release|Any CPU
		{0F8BB282-C83D-461D-A4BD-C181908E0F7E}.Release|Any CPU.Build.0 = Release|Any CPU
	EndGlobalSection
	GlobalSection(SolutionProperties) = preSolution
		HideSolutionNode = FALSE
	EndGlobalSection
	GlobalSection(ExtensibilityGlobals) = postSolution
		SolutionGuid = {8F1FF210-5358-45F4-9468-E758238FFC51}
	EndGlobalSection
EndGlobal
